
Microsoft Visual Studio Solution File, Format Version 12.00
# Visual Studio 15
VisualStudioVersion = 15.0.27703.2000
MinimumVisualStudioVersion = 10.0.40219.1
Project("{FAE04EC0-301F-11D3-BF4B-00C04F79EFBC}") = "Reminders.Android", "Reminders\Reminders.Android\Reminders.Android.csproj", "{F700E7CF-1C41-4A1A-9814-868791A32BD1}"
EndProject
Project("{D954291E-2A0B-460D-934E-DC6B0785DB48}") = "Reminders", "Reminders\Reminders\Reminders.shproj", "{E88C9A8F-CB15-4A62-ADD4-0D2C025497AD}"
EndProject
Project("{FAE04EC0-301F-11D3-BF4B-00C04F79EFBC}") = "Reminders.iOS", "Reminders\Reminders.iOS\Reminders.iOS.csproj", "{EE81D468-5DE7-49EF-BF8C-E693CCDF359E}"
EndProject
Project("{FAE04EC0-301F-11D3-BF4B-00C04F79EFBC}") = "Reminders.UWP", "Reminders\Reminders.UWP\Reminders.UWP.csproj", "{4D785440-91EE-4FAA-BFFD-3A2D97776757}"
EndProject
Global
	GlobalSection(SharedMSBuildProjectFiles) = preSolution
		Reminders\Reminders\Reminders.projitems*{4d785440-91ee-4faa-bffd-3a2d97776757}*SharedItemsImports = 4
		Reminders\Reminders\Reminders.projitems*{e88c9a8f-cb15-4a62-add4-0d2c025497ad}*SharedItemsImports = 13
		Reminders\Reminders\Reminders.projitems*{ee81d468-5de7-49ef-bf8c-e693ccdf359e}*SharedItemsImports = 4
		Reminders\Reminders\Reminders.projitems*{f700e7cf-1c41-4a1a-9814-868791a32bd1}*SharedItemsImports = 4
	EndGlobalSection
	GlobalSection(SolutionConfigurationPlatforms) = preSolution
		Ad-Hoc|Any CPU = Ad-Hoc|Any CPU
		Ad-Hoc|ARM = Ad-Hoc|ARM
		Ad-Hoc|iPhone = Ad-Hoc|iPhone
		Ad-Hoc|iPhoneSimulator = Ad-Hoc|iPhoneSimulator
		Ad-Hoc|x64 = Ad-Hoc|x64
		Ad-Hoc|x86 = Ad-Hoc|x86
		AppStore|Any CPU = AppStore|Any CPU
		AppStore|ARM = AppStore|ARM
		AppStore|iPhone = AppStore|iPhone
		AppStore|iPhoneSimulator = AppStore|iPhoneSimulator
		AppStore|x64 = AppStore|x64
		AppStore|x86 = AppStore|x86
		Debug|Any CPU = Debug|Any CPU
		Debug|ARM = Debug|ARM
		Debug|iPhone = Debug|iPhone
		Debug|iPhoneSimulator = Debug|iPhoneSimulator
		Debug|x64 = Debug|x64
		Debug|x86 = Debug|x86
		Release|Any CPU = Release|Any CPU
		Release|ARM = Release|ARM
		Release|iPhone = Release|iPhone
		Release|iPhoneSimulator = Release|iPhoneSimulator
		Release|x64 = Release|x64
		Release|x86 = Release|x86
	EndGlobalSection
	GlobalSection(ProjectConfigurationPlatforms) = postSolution
		{F700E7CF-1C41-4A1A-9814-868791A32BD1}.Ad-Hoc|Any CPU.ActiveCfg = Release|Any CPU
		{F700E7CF-1C41-4A1A-9814-868791A32BD1}.Ad-Hoc|Any CPU.Build.0 = Release|Any CPU
		{F700E7CF-1C41-4A1A-9814-868791A32BD1}.Ad-Hoc|Any CPU.Deploy.0 = Release|Any CPU
		{F700E7CF-1C41-4A1A-9814-868791A32BD1}.Ad-Hoc|ARM.ActiveCfg = Release|Any CPU
		{F700E7CF-1C41-4A1A-9814-868791A32BD1}.Ad-Hoc|ARM.Build.0 = Release|Any CPU
		{F700E7CF-1C41-4A1A-9814-868791A32BD1}.Ad-Hoc|ARM.Deploy.0 = Release|Any CPU
		{F700E7CF-1C41-4A1A-9814-868791A32BD1}.Ad-Hoc|iPhone.ActiveCfg = Release|Any CPU
		{F700E7CF-1C41-4A1A-9814-868791A32BD1}.Ad-Hoc|iPhone.Build.0 = Release|Any CPU
		{F700E7CF-1C41-4A1A-9814-868791A32BD1}.Ad-Hoc|iPhone.Deploy.0 = Release|Any CPU
		{F700E7CF-1C41-4A1A-9814-868791A32BD1}.Ad-Hoc|iPhoneSimulator.ActiveCfg = Release|Any CPU
		{F700E7CF-1C41-4A1A-9814-868791A32BD1}.Ad-Hoc|iPhoneSimulator.Build.0 = Release|Any CPU
		{F700E7CF-1C41-4A1A-9814-868791A32BD1}.Ad-Hoc|iPhoneSimulator.Deploy.0 = Release|Any CPU
		{F700E7CF-1C41-4A1A-9814-868791A32BD1}.Ad-Hoc|x64.ActiveCfg = Release|Any CPU
		{F700E7CF-1C41-4A1A-9814-868791A32BD1}.Ad-Hoc|x64.Build.0 = Release|Any CPU
		{F700E7CF-1C41-4A1A-9814-868791A32BD1}.Ad-Hoc|x64.Deploy.0 = Release|Any CPU
		{F700E7CF-1C41-4A1A-9814-868791A32BD1}.Ad-Hoc|x86.ActiveCfg = Release|Any CPU
		{F700E7CF-1C41-4A1A-9814-868791A32BD1}.Ad-Hoc|x86.Build.0 = Release|Any CPU
		{F700E7CF-1C41-4A1A-9814-868791A32BD1}.Ad-Hoc|x86.Deploy.0 = Release|Any CPU
		{F700E7CF-1C41-4A1A-9814-868791A32BD1}.AppStore|Any CPU.ActiveCfg = Release|Any CPU
		{F700E7CF-1C41-4A1A-9814-868791A32BD1}.AppStore|Any CPU.Build.0 = Release|Any CPU
		{F700E7CF-1C41-4A1A-9814-868791A32BD1}.AppStore|Any CPU.Deploy.0 = Release|Any CPU
		{F700E7CF-1C41-4A1A-9814-868791A32BD1}.AppStore|ARM.ActiveCfg = Release|Any CPU
		{F700E7CF-1C41-4A1A-9814-868791A32BD1}.AppStore|ARM.Build.0 = Release|Any CPU
		{F700E7CF-1C41-4A1A-9814-868791A32BD1}.AppStore|ARM.Deploy.0 = Release|Any CPU
		{F700E7CF-1C41-4A1A-9814-868791A32BD1}.AppStore|iPhone.ActiveCfg = Release|Any CPU
		{F700E7CF-1C41-4A1A-9814-868791A32BD1}.AppStore|iPhone.Build.0 = Release|Any CPU
		{F700E7CF-1C41-4A1A-9814-868791A32BD1}.AppStore|iPhone.Deploy.0 = Release|Any CPU
		{F700E7CF-1C41-4A1A-9814-868791A32BD1}.AppStore|iPhoneSimulator.ActiveCfg = Release|Any CPU
		{F700E7CF-1C41-4A1A-9814-868791A32BD1}.AppStore|iPhoneSimulator.Build.0 = Release|Any CPU
		{F700E7CF-1C41-4A1A-9814-868791A32BD1}.AppStore|iPhoneSimulator.Deploy.0 = Release|Any CPU
		{F700E7CF-1C41-4A1A-9814-868791A32BD1}.AppStore|x64.ActiveCfg = Release|Any CPU
		{F700E7CF-1C41-4A1A-9814-868791A32BD1}.AppStore|x64.Build.0 = Release|Any CPU
		{F700E7CF-1C41-4A1A-9814-868791A32BD1}.AppStore|x64.Deploy.0 = Release|Any CPU
		{F700E7CF-1C41-4A1A-9814-868791A32BD1}.AppStore|x86.ActiveCfg = Release|Any CPU
		{F700E7CF-1C41-4A1A-9814-868791A32BD1}.AppStore|x86.Build.0 = Release|Any CPU
		{F700E7CF-1C41-4A1A-9814-868791A32BD1}.AppStore|x86.Deploy.0 = Release|Any CPU
		{F700E7CF-1C41-4A1A-9814-868791A32BD1}.Debug|Any CPU.ActiveCfg = Debug|Any CPU
		{F700E7CF-1C41-4A1A-9814-868791A32BD1}.Debug|Any CPU.Build.0 = Debug|Any CPU
		{F700E7CF-1C41-4A1A-9814-868791A32BD1}.Debug|Any CPU.Deploy.0 = Debug|Any CPU
		{F700E7CF-1C41-4A1A-9814-868791A32BD1}.Debug|ARM.ActiveCfg = Debug|Any CPU
		{F700E7CF-1C41-4A1A-9814-868791A32BD1}.Debug|ARM.Build.0 = Debug|Any CPU
		{F700E7CF-1C41-4A1A-9814-868791A32BD1}.Debug|ARM.Deploy.0 = Debug|Any CPU
		{F700E7CF-1C41-4A1A-9814-868791A32BD1}.Debug|iPhone.ActiveCfg = Debug|Any CPU
		{F700E7CF-1C41-4A1A-9814-868791A32BD1}.Debug|iPhone.Build.0 = Debug|Any CPU
		{F700E7CF-1C41-4A1A-9814-868791A32BD1}.Debug|iPhone.Deploy.0 = Debug|Any CPU
		{F700E7CF-1C41-4A1A-9814-868791A32BD1}.Debug|iPhoneSimulator.ActiveCfg = Debug|Any CPU
		{F700E7CF-1C41-4A1A-9814-868791A32BD1}.Debug|iPhoneSimulator.Build.0 = Debug|Any CPU
		{F700E7CF-1C41-4A1A-9814-868791A32BD1}.Debug|iPhoneSimulator.Deploy.0 = Debug|Any CPU
		{F700E7CF-1C41-4A1A-9814-868791A32BD1}.Debug|x64.ActiveCfg = Debug|Any CPU
		{F700E7CF-1C41-4A1A-9814-868791A32BD1}.Debug|x64.Build.0 = Debug|Any CPU
		{F700E7CF-1C41-4A1A-9814-868791A32BD1}.Debug|x64.Deploy.0 = Debug|Any CPU
		{F700E7CF-1C41-4A1A-9814-868791A32BD1}.Debug|x86.ActiveCfg = Debug|Any CPU
		{F700E7CF-1C41-4A1A-9814-868791A32BD1}.Debug|x86.Build.0 = Debug|Any CPU
		{F700E7CF-1C41-4A1A-9814-868791A32BD1}.Debug|x86.Deploy.0 = Debug|Any CPU
		{F700E7CF-1C41-4A1A-9814-868791A32BD1}.Release|Any CPU.ActiveCfg = Release|Any CPU
		{F700E7CF-1C41-4A1A-9814-868791A32BD1}.Release|Any CPU.Build.0 = Release|Any CPU
		{F700E7CF-1C41-4A1A-9814-868791A32BD1}.Release|Any CPU.Deploy.0 = Release|Any CPU
		{F700E7CF-1C41-4A1A-9814-868791A32BD1}.Release|ARM.ActiveCfg = Release|Any CPU
		{F700E7CF-1C41-4A1A-9814-868791A32BD1}.Release|ARM.Build.0 = Release|Any CPU
		{F700E7CF-1C41-4A1A-9814-868791A32BD1}.Release|ARM.Deploy.0 = Release|Any CPU
		{F700E7CF-1C41-4A1A-9814-868791A32BD1}.Release|iPhone.ActiveCfg = Release|Any CPU
		{F700E7CF-1C41-4A1A-9814-868791A32BD1}.Release|iPhone.Build.0 = Release|Any CPU
		{F700E7CF-1C41-4A1A-9814-868791A32BD1}.Release|iPhone.Deploy.0 = Release|Any CPU
		{F700E7CF-1C41-4A1A-9814-868791A32BD1}.Release|iPhoneSimulator.ActiveCfg = Release|Any CPU
		{F700E7CF-1C41-4A1A-9814-868791A32BD1}.Release|iPhoneSimulator.Build.0 = Release|Any CPU
		{F700E7CF-1C41-4A1A-9814-868791A32BD1}.Release|iPhoneSimulator.Deploy.0 = Release|Any CPU
		{F700E7CF-1C41-4A1A-9814-868791A32BD1}.Release|x64.ActiveCfg = Release|Any CPU
		{F700E7CF-1C41-4A1A-9814-868791A32BD1}.Release|x64.Build.0 = Release|Any CPU
		{F700E7CF-1C41-4A1A-9814-868791A32BD1}.Release|x64.Deploy.0 = Release|Any CPU
		{F700E7CF-1C41-4A1A-9814-868791A32BD1}.Release|x86.ActiveCfg = Release|Any CPU
		{F700E7CF-1C41-4A1A-9814-868791A32BD1}.Release|x86.Build.0 = Release|Any CPU
		{F700E7CF-1C41-4A1A-9814-868791A32BD1}.Release|x86.Deploy.0 = Release|Any CPU
		{EE81D468-5DE7-49EF-BF8C-E693CCDF359E}.Ad-Hoc|Any CPU.ActiveCfg = Ad-Hoc|iPhone
		{EE81D468-5DE7-49EF-BF8C-E693CCDF359E}.Ad-Hoc|ARM.ActiveCfg = Ad-Hoc|iPhone
		{EE81D468-5DE7-49EF-BF8C-E693CCDF359E}.Ad-Hoc|iPhone.ActiveCfg = Ad-Hoc|iPhone
		{EE81D468-5DE7-49EF-BF8C-E693CCDF359E}.Ad-Hoc|iPhone.Build.0 = Ad-Hoc|iPhone
		{EE81D468-5DE7-49EF-BF8C-E693CCDF359E}.Ad-Hoc|iPhoneSimulator.ActiveCfg = Ad-Hoc|iPhoneSimulator
		{EE81D468-5DE7-49EF-BF8C-E693CCDF359E}.Ad-Hoc|iPhoneSimulator.Build.0 = Ad-Hoc|iPhoneSimulator
		{EE81D468-5DE7-49EF-BF8C-E693CCDF359E}.Ad-Hoc|x64.ActiveCfg = Ad-Hoc|iPhone
		{EE81D468-5DE7-49EF-BF8C-E693CCDF359E}.Ad-Hoc|x86.ActiveCfg = Ad-Hoc|iPhone
		{EE81D468-5DE7-49EF-BF8C-E693CCDF359E}.AppStore|Any CPU.ActiveCfg = AppStore|iPhone
		{EE81D468-5DE7-49EF-BF8C-E693CCDF359E}.AppStore|ARM.ActiveCfg = AppStore|iPhone
		{EE81D468-5DE7-49EF-BF8C-E693CCDF359E}.AppStore|iPhone.ActiveCfg = AppStore|iPhone
		{EE81D468-5DE7-49EF-BF8C-E693CCDF359E}.AppStore|iPhone.Build.0 = AppStore|iPhone
		{EE81D468-5DE7-49EF-BF8C-E693CCDF359E}.AppStore|iPhoneSimulator.ActiveCfg = AppStore|iPhoneSimulator
		{EE81D468-5DE7-49EF-BF8C-E693CCDF359E}.AppStore|iPhoneSimulator.Build.0 = AppStore|iPhoneSimulator
		{EE81D468-5DE7-49EF-BF8C-E693CCDF359E}.AppStore|x64.ActiveCfg = AppStore|iPhone
		{EE81D468-5DE7-49EF-BF8C-E693CCDF359E}.AppStore|x86.ActiveCfg = AppStore|iPhone
		{EE81D468-5DE7-49EF-BF8C-E693CCDF359E}.Debug|Any CPU.ActiveCfg = Debug|iPhone
		{EE81D468-5DE7-49EF-BF8C-E693CCDF359E}.Debug|ARM.ActiveCfg = Debug|iPhone
		{EE81D468-5DE7-49EF-BF8C-E693CCDF359E}.Debug|iPhone.ActiveCfg = Debug|iPhone
		{EE81D468-5DE7-49EF-BF8C-E693CCDF359E}.Debug|iPhone.Build.0 = Debug|iPhone
		{EE81D468-5DE7-49EF-BF8C-E693CCDF359E}.Debug|iPhoneSimulator.ActiveCfg = Debug|iPhoneSimulator
		{EE81D468-5DE7-49EF-BF8C-E693CCDF359E}.Debug|iPhoneSimulator.Build.0 = Debug|iPhoneSimulator
		{EE81D468-5DE7-49EF-BF8C-E693CCDF359E}.Debug|x64.ActiveCfg = Debug|iPhone
		{EE81D468-5DE7-49EF-BF8C-E693CCDF359E}.Debug|x86.ActiveCfg = Debug|iPhone
		{EE81D468-5DE7-49EF-BF8C-E693CCDF359E}.Release|Any CPU.ActiveCfg = Release|iPhone
		{EE81D468-5DE7-49EF-BF8C-E693CCDF359E}.Release|ARM.ActiveCfg = Release|iPhone
		{EE81D468-5DE7-49EF-BF8C-E693CCDF359E}.Release|iPhone.ActiveCfg = Release|iPhone
		{EE81D468-5DE7-49EF-BF8C-E693CCDF359E}.Release|iPhone.Build.0 = Release|iPhone
		{EE81D468-5DE7-49EF-BF8C-E693CCDF359E}.Release|iPhoneSimulator.ActiveCfg = Release|iPhoneSimulator
		{EE81D468-5DE7-49EF-BF8C-E693CCDF359E}.Release|iPhoneSimulator.Build.0 = Release|iPhoneSimulator
		{EE81D468-5DE7-49EF-BF8C-E693CCDF359E}.Release|x64.ActiveCfg = Release|iPhone
		{EE81D468-5DE7-49EF-BF8C-E693CCDF359E}.Release|x86.ActiveCfg = Release|iPhone
		{4D785440-91EE-4FAA-BFFD-3A2D97776757}.Ad-Hoc|Any CPU.ActiveCfg = Release|x86
		{4D785440-91EE-4FAA-BFFD-3A2D97776757}.Ad-Hoc|Any CPU.Build.0 = Release|x86
		{4D785440-91EE-4FAA-BFFD-3A2D97776757}.Ad-Hoc|Any CPU.Deploy.0 = Release|x86
		{4D785440-91EE-4FAA-BFFD-3A2D97776757}.Ad-Hoc|ARM.ActiveCfg = Release|ARM
		{4D785440-91EE-4FAA-BFFD-3A2D97776757}.Ad-Hoc|ARM.Build.0 = Release|ARM
		{4D785440-91EE-4FAA-BFFD-3A2D97776757}.Ad-Hoc|ARM.Deploy.0 = Release|ARM
		{4D785440-91EE-4FAA-BFFD-3A2D97776757}.Ad-Hoc|iPhone.ActiveCfg = Release|x86
		{4D785440-91EE-4FAA-BFFD-3A2D97776757}.Ad-Hoc|iPhone.Build.0 = Release|x86
		{4D785440-91EE-4FAA-BFFD-3A2D97776757}.Ad-Hoc|iPhone.Deploy.0 = Release|x86
		{4D785440-91EE-4FAA-BFFD-3A2D97776757}.Ad-Hoc|iPhoneSimulator.ActiveCfg = Release|x86
		{4D785440-91EE-4FAA-BFFD-3A2D97776757}.Ad-Hoc|iPhoneSimulator.Build.0 = Release|x86
		{4D785440-91EE-4FAA-BFFD-3A2D97776757}.Ad-Hoc|iPhoneSimulator.Deploy.0 = Release|x86
		{4D785440-91EE-4FAA-BFFD-3A2D97776757}.Ad-Hoc|x64.ActiveCfg = Release|x64
		{4D785440-91EE-4FAA-BFFD-3A2D97776757}.Ad-Hoc|x64.Build.0 = Release|x64
		{4D785440-91EE-4FAA-BFFD-3A2D97776757}.Ad-Hoc|x64.Deploy.0 = Release|x64
		{4D785440-91EE-4FAA-BFFD-3A2D97776757}.Ad-Hoc|x86.ActiveCfg = Release|x86
		{4D785440-91EE-4FAA-BFFD-3A2D97776757}.Ad-Hoc|x86.Build.0 = Release|x86
		{4D785440-91EE-4FAA-BFFD-3A2D97776757}.Ad-Hoc|x86.Deploy.0 = Release|x86
		{4D785440-91EE-4FAA-BFFD-3A2D97776757}.AppStore|Any CPU.ActiveCfg = Release|x86
		{4D785440-91EE-4FAA-BFFD-3A2D97776757}.AppStore|Any CPU.Build.0 = Release|x86
		{4D785440-91EE-4FAA-BFFD-3A2D97776757}.AppStore|Any CPU.Deploy.0 = Release|x86
		{4D785440-91EE-4FAA-BFFD-3A2D97776757}.AppStore|ARM.ActiveCfg = Release|ARM
		{4D785440-91EE-4FAA-BFFD-3A2D97776757}.AppStore|ARM.Build.0 = Release|ARM
		{4D785440-91EE-4FAA-BFFD-3A2D97776757}.AppStore|ARM.Deploy.0 = Release|ARM
		{4D785440-91EE-4FAA-BFFD-3A2D97776757}.AppStore|iPhone.ActiveCfg = Release|x86
		{4D785440-91EE-4FAA-BFFD-3A2D97776757}.AppStore|iPhone.Build.0 = Release|x86
		{4D785440-91EE-4FAA-BFFD-3A2D97776757}.AppStore|iPhone.Deploy.0 = Release|x86
		{4D785440-91EE-4FAA-BFFD-3A2D97776757}.AppStore|iPhoneSimulator.ActiveCfg = Release|x86
		{4D785440-91EE-4FAA-BFFD-3A2D97776757}.AppStore|iPhoneSimulator.Build.0 = Release|x86
		{4D785440-91EE-4FAA-BFFD-3A2D97776757}.AppStore|iPhoneSimulator.Deploy.0 = Release|x86
		{4D785440-91EE-4FAA-BFFD-3A2D97776757}.AppStore|x64.ActiveCfg = Release|x64
		{4D785440-91EE-4FAA-BFFD-3A2D97776757}.AppStore|x64.Build.0 = Release|x64
		{4D785440-91EE-4FAA-BFFD-3A2D97776757}.AppStore|x64.Deploy.0 = Release|x64
		{4D785440-91EE-4FAA-BFFD-3A2D97776757}.AppStore|x86.ActiveCfg = Release|x86
		{4D785440-91EE-4FAA-BFFD-3A2D97776757}.AppStore|x86.Build.0 = Release|x86
		{4D785440-91EE-4FAA-BFFD-3A2D97776757}.AppStore|x86.Deploy.0 = Release|x86
		{4D785440-91EE-4FAA-BFFD-3A2D97776757}.Debug|Any CPU.ActiveCfg = Debug|x86
		{4D785440-91EE-4FAA-BFFD-3A2D97776757}.Debug|ARM.ActiveCfg = Debug|ARM
		{4D785440-91EE-4FAA-BFFD-3A2D97776757}.Debug|ARM.Build.0 = Debug|ARM
		{4D785440-91EE-4FAA-BFFD-3A2D97776757}.Debug|ARM.Deploy.0 = Debug|ARM
		{4D785440-91EE-4FAA-BFFD-3A2D97776757}.Debug|iPhone.ActiveCfg = Debug|x86
		{4D785440-91EE-4FAA-BFFD-3A2D97776757}.Debug|iPhoneSimulator.ActiveCfg = Debug|x86
		{4D785440-91EE-4FAA-BFFD-3A2D97776757}.Debug|x64.ActiveCfg = Debug|x64
		{4D785440-91EE-4FAA-BFFD-3A2D97776757}.Debug|x64.Build.0 = Debug|x64
		{4D785440-91EE-4FAA-BFFD-3A2D97776757}.Debug|x64.Deploy.0 = Debug|x64
		{4D785440-91EE-4FAA-BFFD-3A2D97776757}.Debug|x86.ActiveCfg = Debug|x86
		{4D785440-91EE-4FAA-BFFD-3A2D97776757}.Debug|x86.Build.0 = Debug|x86
		{4D785440-91EE-4FAA-BFFD-3A2D97776757}.Debug|x86.Deploy.0 = Debug|x86
		{4D785440-91EE-4FAA-BFFD-3A2D97776757}.Release|Any CPU.ActiveCfg = Release|x86
		{4D785440-91EE-4FAA-BFFD-3A2D97776757}.Release|ARM.ActiveCfg = Release|ARM
		{4D785440-91EE-4FAA-BFFD-3A2D97776757}.Release|ARM.Build.0 = Release|ARM
		{4D785440-91EE-4FAA-BFFD-3A2D97776757}.Release|ARM.Deploy.0 = Release|ARM
		{4D785440-91EE-4FAA-BFFD-3A2D97776757}.Release|iPhone.ActiveCfg = Release|x86
		{4D785440-91EE-4FAA-BFFD-3A2D97776757}.Release|iPhoneSimulator.ActiveCfg = Release|x86
		{4D785440-91EE-4FAA-BFFD-3A2D97776757}.Release|x64.ActiveCfg = Release|x64
		{4D785440-91EE-4FAA-BFFD-3A2D97776757}.Release|x64.Build.0 = Release|x64
		{4D785440-91EE-4FAA-BFFD-3A2D97776757}.Release|x64.Deploy.0 = Release|x64
		{4D785440-91EE-4FAA-BFFD-3A2D97776757}.Release|x86.ActiveCfg = Release|x86
		{4D785440-91EE-4FAA-BFFD-3A2D97776757}.Release|x86.Build.0 = Release|x86
		{4D785440-91EE-4FAA-BFFD-3A2D97776757}.Release|x86.Deploy.0 = Release|x86
	EndGlobalSection
	GlobalSection(SolutionProperties) = preSolution
		HideSolutionNode = FALSE
	EndGlobalSection
	GlobalSection(ExtensibilityGlobals) = postSolution
		SolutionGuid = {ADB3EE0A-A457-4853-8646-DD8DDF75B4C8}
	EndGlobalSection
EndGlobal
